
Microsoft Visual Studio Solution File, Format Version 12.00
# Visual Studio Version 17
VisualStudioVersion = 17.6.33815.320
MinimumVisualStudioVersion = 10.0.40219.1
Project("{FAE04EC0-301F-11D3-BF4B-00C04F79EFBC}") = "Contacts", "Contacts.csproj", "{6A909304-EE71-453C-AB1F-CE160C826912}"
EndProject
Global
	GlobalSection(SolutionConfigurationPlatforms) = preSolution
		Debug|Any CPU = Debug|Any CPU
		Release|Any CPU = Release|Any CPU
	EndGlobalSection
	GlobalSection(ProjectConfigurationPlatforms) = postSolution
		{6A909304-EE71-453C-AB1F-CE160C826912}.Debug|Any CPU.ActiveCfg = Debug|Any CPU
		{6A909304-EE71-453C-AB1F-CE160C826912}.Debug|Any CPU.Build.0 = Debug|Any CPU
		{6A909304-EE71-453C-AB1F-CE160C826912}.Release|Any CPU.ActiveCfg = Release|Any CPU
		{6A909304-EE71-453C-AB1F-CE160C826912}.Release|Any CPU.Build.0 = Release|Any CPU
	EndGlobalSection
	GlobalSection(SolutionProperties) = preSolution
		HideSolutionNode = FALSE
	EndGlobalSection
	GlobalSection(ExtensibilityGlobals) = postSolution
		SolutionGuid = {B20F1620-2D25-4747-9062-410BD83C0248}
	EndGlobalSection
EndGlobal
